
Microsoft Visual Studio Solution File, Format Version 12.00
# Visual Studio Version 17
VisualStudioVersion = 17.3.32825.248
MinimumVisualStudioVersion = 10.0.40219.1
Project("{FAE04EC0-301F-11D3-BF4B-00C04F79EFBC}") = "RacingSimulator", "RacingSimulator\RacingSimulator.csproj", "{143518BA-F1D2-4EF7-B3B4-A633E5C85070}"
EndProject
Project("{FAE04EC0-301F-11D3-BF4B-00C04F79EFBC}") = "Model", "Model\Model.csproj", "{E6AC70EF-AFE3-47F4-B77B-7745E89E5CD0}"
EndProject
Project("{FAE04EC0-301F-11D3-BF4B-00C04F79EFBC}") = "Controller", "Controller\Controller.csproj", "{2C0C9A33-BFBE-4DA1-96AB-2541A36614C5}"
EndProject
Global
	GlobalSection(SolutionConfigurationPlatforms) = preSolution
		Debug|Any CPU = Debug|Any CPU
		Release|Any CPU = Release|Any CPU
	EndGlobalSection
	GlobalSection(ProjectConfigurationPlatforms) = postSolution
		{143518BA-F1D2-4EF7-B3B4-A633E5C85070}.Debug|Any CPU.ActiveCfg = Debug|Any CPU
		{143518BA-F1D2-4EF7-B3B4-A633E5C85070}.Debug|Any CPU.Build.0 = Debug|Any CPU
		{143518BA-F1D2-4EF7-B3B4-A633E5C85070}.Release|Any CPU.ActiveCfg = Release|Any CPU
		{143518BA-F1D2-4EF7-B3B4-A633E5C85070}.Release|Any CPU.Build.0 = Release|Any CPU
		{E6AC70EF-AFE3-47F4-B77B-7745E89E5CD0}.Debug|Any CPU.ActiveCfg = Debug|Any CPU
		{E6AC70EF-AFE3-47F4-B77B-7745E89E5CD0}.Debug|Any CPU.Build.0 = Debug|Any CPU
		{E6AC70EF-AFE3-47F4-B77B-7745E89E5CD0}.Release|Any CPU.ActiveCfg = Release|Any CPU
		{E6AC70EF-AFE3-47F4-B77B-7745E89E5CD0}.Release|Any CPU.Build.0 = Release|Any CPU
		{2C0C9A33-BFBE-4DA1-96AB-2541A36614C5}.Debug|Any CPU.ActiveCfg = Debug|Any CPU
		{2C0C9A33-BFBE-4DA1-96AB-2541A36614C5}.Debug|Any CPU.Build.0 = Debug|Any CPU
		{2C0C9A33-BFBE-4DA1-96AB-2541A36614C5}.Release|Any CPU.ActiveCfg = Release|Any CPU
		{2C0C9A33-BFBE-4DA1-96AB-2541A36614C5}.Release|Any CPU.Build.0 = Release|Any CPU
	EndGlobalSection
	GlobalSection(SolutionProperties) = preSolution
		HideSolutionNode = FALSE
	EndGlobalSection
	GlobalSection(ExtensibilityGlobals) = postSolution
		SolutionGuid = {AD32DAF1-E385-4889-AD92-0ED3675C2CF6}
	EndGlobalSection
EndGlobal
